
Microsoft Visual Studio Solution File, Format Version 12.00
# Visual Studio Version 17
VisualStudioVersion = 17.11.35303.130
MinimumVisualStudioVersion = 10.0.40219.1
Project("{9A19103F-16F7-4668-BE54-9A1E7A4F7556}") = "Utils.DotNetCore.Serilog.Extended", "SerilogExtended\Utils.DotNetCore.Serilog.Extended.csproj", "{4B8624D1-C24A-4084-9D6B-3F891780F9F4}"
EndProject
Project("{9A19103F-16F7-4668-BE54-9A1E7A4F7556}") = "SerilogExtended_WebExample", "SerilogExtended_WebExample\SerilogExtended_WebExample.csproj", "{C0FBF23C-7BDB-4837-8831-08BB4C8DBE2D}"
EndProject
Project("{9A19103F-16F7-4668-BE54-9A1E7A4F7556}") = "SerilogExtended_ConsoleExample", "SerilogExtended_ConsoleExample\SerilogExtended_ConsoleExample.csproj", "{6BA1EAA5-524F-459B-B940-6E5A00945882}"
EndProject
Project("{9A19103F-16F7-4668-BE54-9A1E7A4F7556}") = "SerilogExtended_ConsoleExample.UnitTests", "SerilogExtended_ConsoleExample.UnitTests\SerilogExtended_ConsoleExample.UnitTests.csproj", "{F5F4503F-BEC5-4841-89EF-5861AC0724D1}"
EndProject
Project("{FAE04EC0-301F-11D3-BF4B-00C04F79EFBC}") = "SerilogExtended_WinServiceExample", "SerilogExtended_WinServiceExample\SerilogExtended_WinServiceExample.csproj", "{07568424-C066-410F-8E6C-137916AD2C4D}"
EndProject
Global
	GlobalSection(SolutionConfigurationPlatforms) = preSolution
		Debug|Any CPU = Debug|Any CPU
		Release|Any CPU = Release|Any CPU
	EndGlobalSection
	GlobalSection(ProjectConfigurationPlatforms) = postSolution
		{4B8624D1-C24A-4084-9D6B-3F891780F9F4}.Debug|Any CPU.ActiveCfg = Debug|Any CPU
		{4B8624D1-C24A-4084-9D6B-3F891780F9F4}.Debug|Any CPU.Build.0 = Debug|Any CPU
		{4B8624D1-C24A-4084-9D6B-3F891780F9F4}.Release|Any CPU.ActiveCfg = Release|Any CPU
		{4B8624D1-C24A-4084-9D6B-3F891780F9F4}.Release|Any CPU.Build.0 = Release|Any CPU
		{C0FBF23C-7BDB-4837-8831-08BB4C8DBE2D}.Debug|Any CPU.ActiveCfg = Debug|Any CPU
		{C0FBF23C-7BDB-4837-8831-08BB4C8DBE2D}.Debug|Any CPU.Build.0 = Debug|Any CPU
		{C0FBF23C-7BDB-4837-8831-08BB4C8DBE2D}.Release|Any CPU.ActiveCfg = Release|Any CPU
		{C0FBF23C-7BDB-4837-8831-08BB4C8DBE2D}.Release|Any CPU.Build.0 = Release|Any CPU
		{6BA1EAA5-524F-459B-B940-6E5A00945882}.Debug|Any CPU.ActiveCfg = Debug|Any CPU
		{6BA1EAA5-524F-459B-B940-6E5A00945882}.Debug|Any CPU.Build.0 = Debug|Any CPU
		{6BA1EAA5-524F-459B-B940-6E5A00945882}.Release|Any CPU.ActiveCfg = Release|Any CPU
		{6BA1EAA5-524F-459B-B940-6E5A00945882}.Release|Any CPU.Build.0 = Release|Any CPU
		{F5F4503F-BEC5-4841-89EF-5861AC0724D1}.Debug|Any CPU.ActiveCfg = Debug|Any CPU
		{F5F4503F-BEC5-4841-89EF-5861AC0724D1}.Debug|Any CPU.Build.0 = Debug|Any CPU
		{F5F4503F-BEC5-4841-89EF-5861AC0724D1}.Release|Any CPU.ActiveCfg = Release|Any CPU
		{F5F4503F-BEC5-4841-89EF-5861AC0724D1}.Release|Any CPU.Build.0 = Release|Any CPU
		{07568424-C066-410F-8E6C-137916AD2C4D}.Debug|Any CPU.ActiveCfg = Debug|Any CPU
		{07568424-C066-410F-8E6C-137916AD2C4D}.Debug|Any CPU.Build.0 = Debug|Any CPU
		{07568424-C066-410F-8E6C-137916AD2C4D}.Release|Any CPU.ActiveCfg = Release|Any CPU
		{07568424-C066-410F-8E6C-137916AD2C4D}.Release|Any CPU.Build.0 = Release|Any CPU
	EndGlobalSection
	GlobalSection(SolutionProperties) = preSolution
		HideSolutionNode = FALSE
	EndGlobalSection
	GlobalSection(ExtensibilityGlobals) = postSolution
		SolutionGuid = {574E08BB-B53B-4FFE-A554-BC4F80F2BEBA}
	EndGlobalSection
EndGlobal
